
Microsoft Visual Studio Solution File, Format Version 12.00
# Visual Studio Version 16
VisualStudioVersion = 16.0.29424.173
MinimumVisualStudioVersion = 10.0.40219.1
Project("{9A19103F-16F7-4668-BE54-9A1E7A4F7556}") = "Laba9", "Laba9.csproj", "{B9D4841D-CE57-48D3-8D07-819CC77E3EDC}"
EndProject
Project("{FAE04EC0-301F-11D3-BF4B-00C04F79EFBC}") = "UnitTestProject1", "..\UnitTestProject1\UnitTestProject1.csproj", "{66DBD728-919B-4C21-94BD-485E231265F4}"
EndProject
Global
	GlobalSection(SolutionConfigurationPlatforms) = preSolution
		Debug|Any CPU = Debug|Any CPU
		Release|Any CPU = Release|Any CPU
	EndGlobalSection
	GlobalSection(ProjectConfigurationPlatforms) = postSolution
		{B9D4841D-CE57-48D3-8D07-819CC77E3EDC}.Debug|Any CPU.ActiveCfg = Debug|Any CPU
		{B9D4841D-CE57-48D3-8D07-819CC77E3EDC}.Debug|Any CPU.Build.0 = Debug|Any CPU
		{B9D4841D-CE57-48D3-8D07-819CC77E3EDC}.Release|Any CPU.ActiveCfg = Release|Any CPU
		{B9D4841D-CE57-48D3-8D07-819CC77E3EDC}.Release|Any CPU.Build.0 = Release|Any CPU
		{66DBD728-919B-4C21-94BD-485E231265F4}.Debug|Any CPU.ActiveCfg = Debug|Any CPU
		{66DBD728-919B-4C21-94BD-485E231265F4}.Debug|Any CPU.Build.0 = Debug|Any CPU
		{66DBD728-919B-4C21-94BD-485E231265F4}.Release|Any CPU.ActiveCfg = Release|Any CPU
		{66DBD728-919B-4C21-94BD-485E231265F4}.Release|Any CPU.Build.0 = Release|Any CPU
	EndGlobalSection
	GlobalSection(SolutionProperties) = preSolution
		HideSolutionNode = FALSE
	EndGlobalSection
	GlobalSection(ExtensibilityGlobals) = postSolution
		SolutionGuid = {ED7F78BE-6E25-417C-8838-9780DF34BB6B}
	EndGlobalSection
EndGlobal
